
Microsoft Visual Studio Solution File, Format Version 12.00
# Visual Studio Version 17
VisualStudioVersion = 17.11.35222.181
MinimumVisualStudioVersion = 10.0.40219.1
Project("{FAE04EC0-301F-11D3-BF4B-00C04F79EFBC}") = "CRMSystem", "CRMSystem\CRMSystem.csproj", "{B3C9E9DB-607B-46C7-837F-0A03E97A60C7}"
EndProject
Global
	GlobalSection(SolutionConfigurationPlatforms) = preSolution
		Debug|Any CPU = Debug|Any CPU
		Release|Any CPU = Release|Any CPU
	EndGlobalSection
	GlobalSection(ProjectConfigurationPlatforms) = postSolution
		{B3C9E9DB-607B-46C7-837F-0A03E97A60C7}.Debug|Any CPU.ActiveCfg = Debug|Any CPU
		{B3C9E9DB-607B-46C7-837F-0A03E97A60C7}.Debug|Any CPU.Build.0 = Debug|Any CPU
		{B3C9E9DB-607B-46C7-837F-0A03E97A60C7}.Release|Any CPU.ActiveCfg = Release|Any CPU
		{B3C9E9DB-607B-46C7-837F-0A03E97A60C7}.Release|Any CPU.Build.0 = Release|Any CPU
	EndGlobalSection
	GlobalSection(SolutionProperties) = preSolution
		HideSolutionNode = FALSE
	EndGlobalSection
	GlobalSection(ExtensibilityGlobals) = postSolution
		SolutionGuid = {E7095E2A-E539-47EE-960E-2E6BA99F8094}
	EndGlobalSection
EndGlobal
